
Microsoft Visual Studio Solution File, Format Version 12.00
# Visual Studio Version 17
VisualStudioVersion = 17.0.32014.148
MinimumVisualStudioVersion = 10.0.40219.1
Project("{9A19103F-16F7-4668-BE54-9A1E7A4F7556}") = "Distribution", "CommandCentral\Distribution.csproj", "{A13C870B-43D1-4E98-9C62-FC1ADD5987B4}"
EndProject
Project("{9A19103F-16F7-4668-BE54-9A1E7A4F7556}") = "Distribution.Test", "CommandCentral.Test\Distribution.Test.csproj", "{33BF0073-2228-410F-9897-0C889B29A414}"
EndProject
Project("{9A19103F-16F7-4668-BE54-9A1E7A4F7556}") = "FluxxConcepts", "FluxxConcepts\FluxxConcepts.csproj", "{4E042DB1-3A57-4C2F-AD33-550ACAF564A5}"
EndProject
Project("{9A19103F-16F7-4668-BE54-9A1E7A4F7556}") = "Common", "CommonConcepts\Common.csproj", "{5AC9C996-5F6A-4EF0-9B4D-74CC14BAF8F0}"
EndProject
Project("{9A19103F-16F7-4668-BE54-9A1E7A4F7556}") = "FluxxConcepts.Test", "FluxxConcepts.Test\FluxxConcepts.Test.csproj", "{66436B03-B4AB-47CC-ABC1-2570F3637423}"
EndProject
Project("{9A19103F-16F7-4668-BE54-9A1E7A4F7556}") = "State", "GameState\State.csproj", "{7AA73B0D-35F0-42CB-AA10-46B100A3ECC6}"
EndProject
Project("{9A19103F-16F7-4668-BE54-9A1E7A4F7556}") = "GameEvents", "GameEvents\GameEvents.csproj", "{164ED6DC-7DE0-40A1-B6E5-93B21CDF7E55}"
EndProject
Project("{9A19103F-16F7-4668-BE54-9A1E7A4F7556}") = "CGOL", "CardGameDL\CGOL.csproj", "{24B9AB8D-0470-43C3-881D-9149098909B3}"
EndProject
Project("{9A19103F-16F7-4668-BE54-9A1E7A4F7556}") = "CGOL.Test", "CardGameDL.Test\CGOL.Test.csproj", "{F0CFCF37-1796-4E32-AA44-FBB61F9BE72C}"
EndProject
Project("{9A19103F-16F7-4668-BE54-9A1E7A4F7556}") = "CGOL.AcceptTest", "CardGameGL.AcceptTest\CGOL.AcceptTest.csproj", "{743FAE35-282F-4BC6-81B3-7E556CA18D20}"
EndProject
Project("{9A19103F-16F7-4668-BE54-9A1E7A4F7556}") = "CardGameWebApp.Server", "CardGameWebApp\Server\CardGameWebApp.Server.csproj", "{FE3C32B0-ED1C-47D7-82E5-261C3E828047}"
EndProject
Project("{9A19103F-16F7-4668-BE54-9A1E7A4F7556}") = "CardGameWebApp.Client", "CardGameWebApp\Client\CardGameWebApp.Client.csproj", "{AAE4118B-91E8-43AE-A291-08E4071B8A0C}"
EndProject
Project("{9A19103F-16F7-4668-BE54-9A1E7A4F7556}") = "CardGameWebApp.Shared", "CardGameWebApp\Shared\CardGameWebApp.Shared.csproj", "{B307CC6C-D527-4D97-9857-1B9EF84AFC49}"
EndProject
Project("{2150E333-8FDC-42A3-9474-1A3956D46DE8}") = "WebApp", "WebApp", "{B0FC1E72-5845-496C-AC7C-3E482D804B70}"
EndProject
Project("{2150E333-8FDC-42A3-9474-1A3956D46DE8}") = "Core", "Core", "{64D1BC7C-BCF1-4EDF-AE23-456BFA312D68}"
EndProject
Project("{9A19103F-16F7-4668-BE54-9A1E7A4F7556}") = "Representation", "Representation\Representation.csproj", "{3E8C1ADE-6E53-4732-A8D6-C6BAFE6C49DF}"
EndProject
Project("{9A19103F-16F7-4668-BE54-9A1E7A4F7556}") = "Parser", "LanguageParser\Parser.csproj", "{EB5F59CA-4CA2-4FD0-8E12-EB15B2788683}"
EndProject
Project("{9A19103F-16F7-4668-BE54-9A1E7A4F7556}") = "Parser.Test", "LanguageParser.Test\Parser.Test.csproj", "{99DA9251-EC9F-4416-B45C-7FFD42817826}"
EndProject
Project("{9A19103F-16F7-4668-BE54-9A1E7A4F7556}") = "Agents", "Agents\Agents.csproj", "{EF3D5781-2299-4D03-9EFF-CF08F92EAA57}"
EndProject
Project("{FAE04EC0-301F-11D3-BF4B-00C04F79EFBC}") = "CGOLConsole", "CGOLConsole\CGOLConsole.csproj", "{C29322FF-579B-47BE-A865-EFE86821C8B8}"
EndProject
Global
	GlobalSection(SolutionConfigurationPlatforms) = preSolution
		Debug|Any CPU = Debug|Any CPU
		Release|Any CPU = Release|Any CPU
	EndGlobalSection
	GlobalSection(ProjectConfigurationPlatforms) = postSolution
		{A13C870B-43D1-4E98-9C62-FC1ADD5987B4}.Debug|Any CPU.ActiveCfg = Debug|Any CPU
		{A13C870B-43D1-4E98-9C62-FC1ADD5987B4}.Debug|Any CPU.Build.0 = Debug|Any CPU
		{A13C870B-43D1-4E98-9C62-FC1ADD5987B4}.Release|Any CPU.ActiveCfg = Release|Any CPU
		{A13C870B-43D1-4E98-9C62-FC1ADD5987B4}.Release|Any CPU.Build.0 = Release|Any CPU
		{33BF0073-2228-410F-9897-0C889B29A414}.Debug|Any CPU.ActiveCfg = Debug|Any CPU
		{33BF0073-2228-410F-9897-0C889B29A414}.Debug|Any CPU.Build.0 = Debug|Any CPU
		{33BF0073-2228-410F-9897-0C889B29A414}.Release|Any CPU.ActiveCfg = Release|Any CPU
		{33BF0073-2228-410F-9897-0C889B29A414}.Release|Any CPU.Build.0 = Release|Any CPU
		{4E042DB1-3A57-4C2F-AD33-550ACAF564A5}.Debug|Any CPU.ActiveCfg = Debug|Any CPU
		{4E042DB1-3A57-4C2F-AD33-550ACAF564A5}.Debug|Any CPU.Build.0 = Debug|Any CPU
		{4E042DB1-3A57-4C2F-AD33-550ACAF564A5}.Release|Any CPU.ActiveCfg = Release|Any CPU
		{4E042DB1-3A57-4C2F-AD33-550ACAF564A5}.Release|Any CPU.Build.0 = Release|Any CPU
		{5AC9C996-5F6A-4EF0-9B4D-74CC14BAF8F0}.Debug|Any CPU.ActiveCfg = Debug|Any CPU
		{5AC9C996-5F6A-4EF0-9B4D-74CC14BAF8F0}.Debug|Any CPU.Build.0 = Debug|Any CPU
		{5AC9C996-5F6A-4EF0-9B4D-74CC14BAF8F0}.Release|Any CPU.ActiveCfg = Release|Any CPU
		{5AC9C996-5F6A-4EF0-9B4D-74CC14BAF8F0}.Release|Any CPU.Build.0 = Release|Any CPU
		{66436B03-B4AB-47CC-ABC1-2570F3637423}.Debug|Any CPU.ActiveCfg = Debug|Any CPU
		{66436B03-B4AB-47CC-ABC1-2570F3637423}.Debug|Any CPU.Build.0 = Debug|Any CPU
		{66436B03-B4AB-47CC-ABC1-2570F3637423}.Release|Any CPU.ActiveCfg = Release|Any CPU
		{66436B03-B4AB-47CC-ABC1-2570F3637423}.Release|Any CPU.Build.0 = Release|Any CPU
		{7AA73B0D-35F0-42CB-AA10-46B100A3ECC6}.Debug|Any CPU.ActiveCfg = Debug|Any CPU
		{7AA73B0D-35F0-42CB-AA10-46B100A3ECC6}.Debug|Any CPU.Build.0 = Debug|Any CPU
		{7AA73B0D-35F0-42CB-AA10-46B100A3ECC6}.Release|Any CPU.ActiveCfg = Release|Any CPU
		{7AA73B0D-35F0-42CB-AA10-46B100A3ECC6}.Release|Any CPU.Build.0 = Release|Any CPU
		{164ED6DC-7DE0-40A1-B6E5-93B21CDF7E55}.Debug|Any CPU.ActiveCfg = Debug|Any CPU
		{164ED6DC-7DE0-40A1-B6E5-93B21CDF7E55}.Debug|Any CPU.Build.0 = Debug|Any CPU
		{164ED6DC-7DE0-40A1-B6E5-93B21CDF7E55}.Release|Any CPU.ActiveCfg = Release|Any CPU
		{164ED6DC-7DE0-40A1-B6E5-93B21CDF7E55}.Release|Any CPU.Build.0 = Release|Any CPU
		{24B9AB8D-0470-43C3-881D-9149098909B3}.Debug|Any CPU.ActiveCfg = Debug|Any CPU
		{24B9AB8D-0470-43C3-881D-9149098909B3}.Debug|Any CPU.Build.0 = Debug|Any CPU
		{24B9AB8D-0470-43C3-881D-9149098909B3}.Release|Any CPU.ActiveCfg = Release|Any CPU
		{24B9AB8D-0470-43C3-881D-9149098909B3}.Release|Any CPU.Build.0 = Release|Any CPU
		{F0CFCF37-1796-4E32-AA44-FBB61F9BE72C}.Debug|Any CPU.ActiveCfg = Debug|Any CPU
		{F0CFCF37-1796-4E32-AA44-FBB61F9BE72C}.Debug|Any CPU.Build.0 = Debug|Any CPU
		{F0CFCF37-1796-4E32-AA44-FBB61F9BE72C}.Release|Any CPU.ActiveCfg = Release|Any CPU
		{F0CFCF37-1796-4E32-AA44-FBB61F9BE72C}.Release|Any CPU.Build.0 = Release|Any CPU
		{743FAE35-282F-4BC6-81B3-7E556CA18D20}.Debug|Any CPU.ActiveCfg = Debug|Any CPU
		{743FAE35-282F-4BC6-81B3-7E556CA18D20}.Debug|Any CPU.Build.0 = Debug|Any CPU
		{743FAE35-282F-4BC6-81B3-7E556CA18D20}.Release|Any CPU.ActiveCfg = Release|Any CPU
		{743FAE35-282F-4BC6-81B3-7E556CA18D20}.Release|Any CPU.Build.0 = Release|Any CPU
		{FE3C32B0-ED1C-47D7-82E5-261C3E828047}.Debug|Any CPU.ActiveCfg = Debug|Any CPU
		{FE3C32B0-ED1C-47D7-82E5-261C3E828047}.Debug|Any CPU.Build.0 = Debug|Any CPU
		{FE3C32B0-ED1C-47D7-82E5-261C3E828047}.Release|Any CPU.ActiveCfg = Release|Any CPU
		{FE3C32B0-ED1C-47D7-82E5-261C3E828047}.Release|Any CPU.Build.0 = Release|Any CPU
		{AAE4118B-91E8-43AE-A291-08E4071B8A0C}.Debug|Any CPU.ActiveCfg = Debug|Any CPU
		{AAE4118B-91E8-43AE-A291-08E4071B8A0C}.Debug|Any CPU.Build.0 = Debug|Any CPU
		{AAE4118B-91E8-43AE-A291-08E4071B8A0C}.Release|Any CPU.ActiveCfg = Release|Any CPU
		{AAE4118B-91E8-43AE-A291-08E4071B8A0C}.Release|Any CPU.Build.0 = Release|Any CPU
		{B307CC6C-D527-4D97-9857-1B9EF84AFC49}.Debug|Any CPU.ActiveCfg = Debug|Any CPU
		{B307CC6C-D527-4D97-9857-1B9EF84AFC49}.Debug|Any CPU.Build.0 = Debug|Any CPU
		{B307CC6C-D527-4D97-9857-1B9EF84AFC49}.Release|Any CPU.ActiveCfg = Release|Any CPU
		{B307CC6C-D527-4D97-9857-1B9EF84AFC49}.Release|Any CPU.Build.0 = Release|Any CPU
		{3E8C1ADE-6E53-4732-A8D6-C6BAFE6C49DF}.Debug|Any CPU.ActiveCfg = Debug|Any CPU
		{3E8C1ADE-6E53-4732-A8D6-C6BAFE6C49DF}.Debug|Any CPU.Build.0 = Debug|Any CPU
		{3E8C1ADE-6E53-4732-A8D6-C6BAFE6C49DF}.Release|Any CPU.ActiveCfg = Release|Any CPU
		{3E8C1ADE-6E53-4732-A8D6-C6BAFE6C49DF}.Release|Any CPU.Build.0 = Release|Any CPU
		{EB5F59CA-4CA2-4FD0-8E12-EB15B2788683}.Debug|Any CPU.ActiveCfg = Debug|Any CPU
		{EB5F59CA-4CA2-4FD0-8E12-EB15B2788683}.Debug|Any CPU.Build.0 = Debug|Any CPU
		{EB5F59CA-4CA2-4FD0-8E12-EB15B2788683}.Release|Any CPU.ActiveCfg = Release|Any CPU
		{EB5F59CA-4CA2-4FD0-8E12-EB15B2788683}.Release|Any CPU.Build.0 = Release|Any CPU
		{99DA9251-EC9F-4416-B45C-7FFD42817826}.Debug|Any CPU.ActiveCfg = Debug|Any CPU
		{99DA9251-EC9F-4416-B45C-7FFD42817826}.Debug|Any CPU.Build.0 = Debug|Any CPU
		{99DA9251-EC9F-4416-B45C-7FFD42817826}.Release|Any CPU.ActiveCfg = Release|Any CPU
		{99DA9251-EC9F-4416-B45C-7FFD42817826}.Release|Any CPU.Build.0 = Release|Any CPU
		{EF3D5781-2299-4D03-9EFF-CF08F92EAA57}.Debug|Any CPU.ActiveCfg = Debug|Any CPU
		{EF3D5781-2299-4D03-9EFF-CF08F92EAA57}.Debug|Any CPU.Build.0 = Debug|Any CPU
		{EF3D5781-2299-4D03-9EFF-CF08F92EAA57}.Release|Any CPU.ActiveCfg = Release|Any CPU
		{EF3D5781-2299-4D03-9EFF-CF08F92EAA57}.Release|Any CPU.Build.0 = Release|Any CPU
		{C29322FF-579B-47BE-A865-EFE86821C8B8}.Debug|Any CPU.ActiveCfg = Debug|Any CPU
		{C29322FF-579B-47BE-A865-EFE86821C8B8}.Debug|Any CPU.Build.0 = Debug|Any CPU
		{C29322FF-579B-47BE-A865-EFE86821C8B8}.Release|Any CPU.ActiveCfg = Release|Any CPU
		{C29322FF-579B-47BE-A865-EFE86821C8B8}.Release|Any CPU.Build.0 = Release|Any CPU
	EndGlobalSection
	GlobalSection(SolutionProperties) = preSolution
		HideSolutionNode = FALSE
	EndGlobalSection
	GlobalSection(NestedProjects) = preSolution
		{A13C870B-43D1-4E98-9C62-FC1ADD5987B4} = {64D1BC7C-BCF1-4EDF-AE23-456BFA312D68}
		{33BF0073-2228-410F-9897-0C889B29A414} = {64D1BC7C-BCF1-4EDF-AE23-456BFA312D68}
		{5AC9C996-5F6A-4EF0-9B4D-74CC14BAF8F0} = {64D1BC7C-BCF1-4EDF-AE23-456BFA312D68}
		{7AA73B0D-35F0-42CB-AA10-46B100A3ECC6} = {64D1BC7C-BCF1-4EDF-AE23-456BFA312D68}
		{164ED6DC-7DE0-40A1-B6E5-93B21CDF7E55} = {64D1BC7C-BCF1-4EDF-AE23-456BFA312D68}
		{FE3C32B0-ED1C-47D7-82E5-261C3E828047} = {B0FC1E72-5845-496C-AC7C-3E482D804B70}
		{AAE4118B-91E8-43AE-A291-08E4071B8A0C} = {B0FC1E72-5845-496C-AC7C-3E482D804B70}
		{B307CC6C-D527-4D97-9857-1B9EF84AFC49} = {B0FC1E72-5845-496C-AC7C-3E482D804B70}
		{EB5F59CA-4CA2-4FD0-8E12-EB15B2788683} = {64D1BC7C-BCF1-4EDF-AE23-456BFA312D68}
		{99DA9251-EC9F-4416-B45C-7FFD42817826} = {64D1BC7C-BCF1-4EDF-AE23-456BFA312D68}
	EndGlobalSection
	GlobalSection(ExtensibilityGlobals) = postSolution
		SolutionGuid = {4C07DB78-32CD-44CE-9952-8F0D93742709}
	EndGlobalSection
EndGlobal
